{
  "nodes": {
    "advisory-db": {
      "flake": false,
      "locked": {
        "lastModified": 1760533899,
        "narHash": "sha256-wEBOgeHURiBQQnzdCKl30IDnSBqbEXw0Sfnm+an0JmE=",
        "owner": "rustsec",
        "repo": "advisory-db",
        "rev": "218a772dc1f031aa64e0c575a92c8e04439674d5",
        "type": "github"
      },
      "original": {
        "owner": "rustsec",
        "repo": "advisory-db",
        "type": "github"
      }
    },
    "advisory-db_2": {
      "flake": false,
      "locked": {
        "lastModified": 1758521157,
        "narHash": "sha256-cDl1Qf/bTILEwq6DzMaTsrv6gWYZ47TO4sy7+NOA8Ok=",
        "owner": "rustsec",
        "repo": "advisory-db",
        "rev": "fb0d06e8e2cc04c9aa359e51ffa0a09e3bf58822",
        "type": "github"
      },
      "original": {
        "owner": "rustsec",
        "repo": "advisory-db",
        "type": "github"
      }
    },
    "crane": {
      "locked": {
        "lastModified": 1759893430,
        "narHash": "sha256-yAy4otLYm9iZ+NtQwTMEbqHwswSFUbhn7x826RR6djw=",
        "owner": "ipetkov",
        "repo": "crane",
        "rev": "1979a2524cb8c801520bd94c38bb3d5692419d93",
        "type": "github"
      },
      "original": {
        "owner": "ipetkov",
        "repo": "crane",
        "type": "github"
      }
    },
    "crane_2": {
      "locked": {
        "lastModified": 1758758545,
        "narHash": "sha256-NU5WaEdfwF6i8faJ2Yh+jcK9vVFrofLcwlD/mP65JrI=",
        "owner": "ipetkov",
        "repo": "crane",
        "rev": "95d528a5f54eaba0d12102249ce42f4d01f4e364",
        "type": "github"
      },
      "original": {
        "owner": "ipetkov",
        "repo": "crane",
        "type": "github"
      }
    },
    "fenix": {
      "inputs": {
        "nixpkgs": [
          "nixpkgs"
        ],
        "rust-analyzer-src": []
      },
      "locked": {
        "lastModified": 1760510549,
        "narHash": "sha256-NP+kmLMm7zSyv4Fufv+eSJXyqjLMUhUfPT6lXRlg/bU=",
        "owner": "nix-community",
        "repo": "fenix",
        "rev": "ef7178cf086f267113b5c48fdeb6e510729c8214",
        "type": "github"
      },
      "original": {
        "owner": "nix-community",
        "repo": "fenix",
        "type": "github"
      }
    },
    "fenix_2": {
      "inputs": {
        "nixpkgs": [
          "tsunami",
          "nixpkgs"
        ],
        "rust-analyzer-src": [
          "tsunami"
        ]
      },
      "locked": {
        "lastModified": 1758782550,
        "narHash": "sha256-olCvyP5r6+HQTl2EUudtjlA5UammsBpkzAl0l9+utZc=",
        "owner": "nix-community",
        "repo": "fenix",
        "rev": "32f4e350c03cc5762be811e9c700e8696cd13c02",
        "type": "github"
      },
      "original": {
        "owner": "nix-community",
        "repo": "fenix",
        "type": "github"
      }
    },
    "flake-utils": {
      "inputs": {
        "systems": "systems"
      },
      "locked": {
        "lastModified": 1731533236,
        "narHash": "sha256-l0KFg5HjrsfsO/JpG+r7fRrqm12kzFHyUHqHCVpMMbI=",
        "owner": "numtide",
        "repo": "flake-utils",
        "rev": "11707dc2f618dd54ca8739b309ec4fc024de578b",
        "type": "github"
      },
      "original": {
        "owner": "numtide",
        "repo": "flake-utils",
        "type": "github"
      }
    },
    "flake-utils_2": {
      "inputs": {
        "systems": "systems_2"
      },
      "locked": {
        "lastModified": 1731533236,
        "narHash": "sha256-l0KFg5HjrsfsO/JpG+r7fRrqm12kzFHyUHqHCVpMMbI=",
        "owner": "numtide",
        "repo": "flake-utils",
        "rev": "11707dc2f618dd54ca8739b309ec4fc024de578b",
        "type": "github"
      },
      "original": {
        "owner": "numtide",
        "repo": "flake-utils",
        "type": "github"
      }
    },
    "nixpkgs": {
      "locked": {
        "lastModified": 1760504863,
        "narHash": "sha256-h13YFQMi91nXkkRoJMIfezorz5SbD6849jw5L0fjK4I=",
        "owner": "NixOS",
        "repo": "nixpkgs",
        "rev": "82c2e0d6dde50b17ae366d2aa36f224dc19af469",
        "type": "github"
      },
      "original": {
        "owner": "NixOS",
        "ref": "nixpkgs-unstable",
        "repo": "nixpkgs",
        "type": "github"
      }
    },
    "nixpkgs_2": {
      "locked": {
        "lastModified": 1758701979,
        "narHash": "sha256-c7DUti3XM1aga8oVgaPnrVmEeCFtN9PaBxyNuqx8jPc=",
        "owner": "NixOS",
        "repo": "nixpkgs",
        "rev": "e2642aa7d5a15eae586932a56f4294934f959c14",
        "type": "github"
      },
      "original": {
        "owner": "NixOS",
        "ref": "nixpkgs-unstable",
        "repo": "nixpkgs",
        "type": "github"
      }
    },
    "root": {
      "inputs": {
        "advisory-db": "advisory-db",
        "crane": "crane",
        "fenix": "fenix",
        "flake-utils": "flake-utils",
        "nixpkgs": "nixpkgs",
        "tsunami": "tsunami"
      }
    },
    "systems": {
      "locked": {
        "lastModified": 1681028828,
        "narHash": "sha256-Vy1rq5AaRuLzOxct8nz4T6wlgyUR7zLU309k9mBC768=",
        "owner": "nix-systems",
        "repo": "default",
        "rev": "da67096a3b9bf56a91d16901293e51ba5b49a27e",
        "type": "github"
      },
      "original": {
        "owner": "nix-systems",
        "repo": "default",
        "type": "github"
      }
    },
    "systems_2": {
      "locked": {
        "lastModified": 1681028828,
        "narHash": "sha256-Vy1rq5AaRuLzOxct8nz4T6wlgyUR7zLU309k9mBC768=",
        "owner": "nix-systems",
        "repo": "default",
        "rev": "da67096a3b9bf56a91d16901293e51ba5b49a27e",
        "type": "github"
      },
      "original": {
        "owner": "nix-systems",
        "repo": "default",
        "type": "github"
      }
    },
    "tsunami": {
      "inputs": {
        "advisory-db": "advisory-db_2",
        "crane": "crane_2",
        "fenix": "fenix_2",
        "flake-utils": "flake-utils_2",
        "nixpkgs": "nixpkgs_2"
      },
      "locked": {
        "lastModified": 1758804664,
        "narHash": "sha256-aOsFV9YZ+yfdStLSLmx9EWC3V++jgEyrbpQtisp8HiI=",
        "owner": "itepastra",
        "repo": "tsunami",
        "rev": "fc04607035f61d943d8dc221f1edb0e831eb8b15",
        "type": "github"
      },
      "original": {
        "owner": "itepastra",
        "repo": "tsunami",
        "type": "github"
      }
    }
  },
  "root": "root",
  "version": 7
}
