{
  "nodes": {
    "fenix": {
      "inputs": {
        "nixpkgs": "nixpkgs",
        "rust-analyzer-src": "rust-analyzer-src"
      },
      "locked": {
        "lastModified": 1734157906,
        "narHash": "sha256-4zYEtbxdhYkmmFC5vgv9pmIVHylEuKs+iJb1XsKDN7o=",
        "owner": "nix-community",
        "repo": "fenix",
        "rev": "06de03ede52ce64db6eb65be878a39b5ec944f50",
        "type": "github"
      },
      "original": {
        "owner": "nix-community",
        "repo": "fenix",
        "type": "github"
      }
    },
    "fenix_2": {
      "inputs": {
        "nixpkgs": "nixpkgs_3",
        "rust-analyzer-src": "rust-analyzer-src_2"
      },
      "locked": {
        "lastModified": 1733812506,
        "narHash": "sha256-3fgFIijf23nKfJogpcEaUGky1W2BpOzpr0ljgx+cmOM=",
        "owner": "nix-community",
        "repo": "fenix",
        "rev": "0d8227f07b35ab04fee007fff4f9bb18c6d66af1",
        "type": "github"
      },
      "original": {
        "owner": "nix-community",
        "repo": "fenix",
        "type": "github"
      }
    },
    "nixpkgs": {
      "locked": {
        "lastModified": 1733940404,
        "narHash": "sha256-Pj39hSoUA86ZePPF/UXiYHHM7hMIkios8TYG29kQT4g=",
        "owner": "nixos",
        "repo": "nixpkgs",
        "rev": "5d67ea6b4b63378b9c13be21e2ec9d1afc921713",
        "type": "github"
      },
      "original": {
        "owner": "nixos",
        "ref": "nixos-unstable",
        "repo": "nixpkgs",
        "type": "github"
      }
    },
    "nixpkgs_2": {
      "locked": {
        "lastModified": 1733940404,
        "narHash": "sha256-Pj39hSoUA86ZePPF/UXiYHHM7hMIkios8TYG29kQT4g=",
        "owner": "nixos",
        "repo": "nixpkgs",
        "rev": "5d67ea6b4b63378b9c13be21e2ec9d1afc921713",
        "type": "github"
      },
      "original": {
        "owner": "nixos",
        "ref": "nixos-unstable",
        "repo": "nixpkgs",
        "type": "github"
      }
    },
    "nixpkgs_3": {
      "locked": {
        "lastModified": 1733581040,
        "narHash": "sha256-Qn3nPMSopRQJgmvHzVqPcE3I03zJyl8cSbgnnltfFDY=",
        "owner": "nixos",
        "repo": "nixpkgs",
        "rev": "22c3f2cf41a0e70184334a958e6b124fb0ce3e01",
        "type": "github"
      },
      "original": {
        "owner": "nixos",
        "ref": "nixos-unstable",
        "repo": "nixpkgs",
        "type": "github"
      }
    },
    "nixpkgs_4": {
      "locked": {
        "lastModified": 1733759999,
        "narHash": "sha256-463SNPWmz46iLzJKRzO3Q2b0Aurff3U1n0nYItxq7jU=",
        "owner": "nixos",
        "repo": "nixpkgs",
        "rev": "a73246e2eef4c6ed172979932bc80e1404ba2d56",
        "type": "github"
      },
      "original": {
        "owner": "nixos",
        "ref": "nixos-unstable",
        "repo": "nixpkgs",
        "type": "github"
      }
    },
    "root": {
      "inputs": {
        "fenix": "fenix",
        "nixpkgs": "nixpkgs_2",
        "tsunami": "tsunami"
      }
    },
    "rust-analyzer-src": {
      "flake": false,
      "locked": {
        "lastModified": 1734121833,
        "narHash": "sha256-EZtwXmh9P9FnoXKfbjGxyWksjrjPB4HES2HVIV+STNg=",
        "owner": "rust-lang",
        "repo": "rust-analyzer",
        "rev": "fc18d263aa95f7d6de8174bd4c6663dfe865e6d5",
        "type": "github"
      },
      "original": {
        "owner": "rust-lang",
        "ref": "nightly",
        "repo": "rust-analyzer",
        "type": "github"
      }
    },
    "rust-analyzer-src_2": {
      "flake": false,
      "locked": {
        "lastModified": 1733756789,
        "narHash": "sha256-cK9hSImKm6FkMeIsdjzuRA1tjOKnXI1VHdmJbmpOYqI=",
        "owner": "rust-lang",
        "repo": "rust-analyzer",
        "rev": "99a6ecd41e5e458b3f4c2142b29a80d77ecda248",
        "type": "github"
      },
      "original": {
        "owner": "rust-lang",
        "ref": "nightly",
        "repo": "rust-analyzer",
        "type": "github"
      }
    },
    "tsunami": {
      "inputs": {
        "fenix": "fenix_2",
        "nixpkgs": "nixpkgs_4"
      },
      "locked": {
        "lastModified": 1734016882,
        "narHash": "sha256-QqnrhOPgvykA+2a9iIzpOW8S3Ef8uA7aAFxcRqS8fB8=",
        "owner": "itepastra",
        "repo": "tsunami",
        "rev": "872017618ae615152dc97b6379f5e92b175a55e9",
        "type": "github"
      },
      "original": {
        "owner": "itepastra",
        "repo": "tsunami",
        "type": "github"
      }
    }
  },
  "root": "root",
  "version": 7
}
